
Microsoft Visual Studio Solution File, Format Version 12.00
# Visual Studio 2012
Project("{FAE04EC0-301F-11D3-BF4B-00C04F79EFBC}") = "_delegate", "_delegate\_delegate.csproj", "{EA7DD524-5CF6-4A3E-B1C0-968BD959AD1A}"
EndProject
Global
	GlobalSection(SolutionConfigurationPlatforms) = preSolution
		Debug|Any CPU = Debug|Any CPU
		Release|Any CPU = Release|Any CPU
	EndGlobalSection
	GlobalSection(ProjectConfigurationPlatforms) = postSolution
		{EA7DD524-5CF6-4A3E-B1C0-968BD959AD1A}.Debug|Any CPU.ActiveCfg = Debug|Any CPU
		{EA7DD524-5CF6-4A3E-B1C0-968BD959AD1A}.Debug|Any CPU.Build.0 = Debug|Any CPU
		{EA7DD524-5CF6-4A3E-B1C0-968BD959AD1A}.Release|Any CPU.ActiveCfg = Release|Any CPU
		{EA7DD524-5CF6-4A3E-B1C0-968BD959AD1A}.Release|Any CPU.Build.0 = Release|Any CPU
	EndGlobalSection
	GlobalSection(SolutionProperties) = preSolution
		HideSolutionNode = FALSE
	EndGlobalSection
EndGlobal
